
Microsoft Visual Studio Solution File, Format Version 12.00
# Visual Studio 2013
VisualStudioVersion = 12.0.31101.0
MinimumVisualStudioVersion = 10.0.40219.1
Project("{FAE04EC0-301F-11D3-BF4B-00C04F79EFBC}") = "Flierefluiter.Domain", "Flierefluiter.Domain\Flierefluiter.Domain.csproj", "{C4E0C1B9-6380-4F65-94A3-DC38780356CA}"
EndProject
Project("{FAE04EC0-301F-11D3-BF4B-00C04F79EFBC}") = "Flierefluiter.WebUI", "Flierefluiter.WebUI\Flierefluiter.WebUI.csproj", "{3387B7D4-DB5B-48EE-B7BD-C4008019E509}"
EndProject
Project("{FAE04EC0-301F-11D3-BF4B-00C04F79EFBC}") = "Flierefluiter.UnitTests", "Flierefluiter.UnitTests\Flierefluiter.UnitTests.csproj", "{1335FA19-F741-4298-95EE-F251301CAF97}"
EndProject
Project("{FAE04EC0-301F-11D3-BF4B-00C04F79EFBC}") = "Flierefluiter.Reception", "Flierefluiter.Reception\Flierefluiter.Reception.csproj", "{BF211EA1-BC01-430B-B4F1-713619198D4A}"
EndProject
Global
	GlobalSection(SolutionConfigurationPlatforms) = preSolution
		Debug|Any CPU = Debug|Any CPU
		Release|Any CPU = Release|Any CPU
	EndGlobalSection
	GlobalSection(ProjectConfigurationPlatforms) = postSolution
		{C4E0C1B9-6380-4F65-94A3-DC38780356CA}.Debug|Any CPU.ActiveCfg = Debug|Any CPU
		{C4E0C1B9-6380-4F65-94A3-DC38780356CA}.Debug|Any CPU.Build.0 = Debug|Any CPU
		{C4E0C1B9-6380-4F65-94A3-DC38780356CA}.Release|Any CPU.ActiveCfg = Release|Any CPU
		{C4E0C1B9-6380-4F65-94A3-DC38780356CA}.Release|Any CPU.Build.0 = Release|Any CPU
		{3387B7D4-DB5B-48EE-B7BD-C4008019E509}.Debug|Any CPU.ActiveCfg = Debug|Any CPU
		{3387B7D4-DB5B-48EE-B7BD-C4008019E509}.Debug|Any CPU.Build.0 = Debug|Any CPU
		{3387B7D4-DB5B-48EE-B7BD-C4008019E509}.Release|Any CPU.ActiveCfg = Release|Any CPU
		{3387B7D4-DB5B-48EE-B7BD-C4008019E509}.Release|Any CPU.Build.0 = Release|Any CPU
		{1335FA19-F741-4298-95EE-F251301CAF97}.Debug|Any CPU.ActiveCfg = Debug|Any CPU
		{1335FA19-F741-4298-95EE-F251301CAF97}.Debug|Any CPU.Build.0 = Debug|Any CPU
		{1335FA19-F741-4298-95EE-F251301CAF97}.Release|Any CPU.ActiveCfg = Release|Any CPU
		{1335FA19-F741-4298-95EE-F251301CAF97}.Release|Any CPU.Build.0 = Release|Any CPU
		{BF211EA1-BC01-430B-B4F1-713619198D4A}.Debug|Any CPU.ActiveCfg = Debug|Any CPU
		{BF211EA1-BC01-430B-B4F1-713619198D4A}.Debug|Any CPU.Build.0 = Debug|Any CPU
		{BF211EA1-BC01-430B-B4F1-713619198D4A}.Release|Any CPU.ActiveCfg = Release|Any CPU
		{BF211EA1-BC01-430B-B4F1-713619198D4A}.Release|Any CPU.Build.0 = Release|Any CPU
	EndGlobalSection
	GlobalSection(SolutionProperties) = preSolution
		HideSolutionNode = FALSE
	EndGlobalSection
EndGlobal
